// !$*UTF8*$!
{
	archiveVersion = 1;
	classes = {
	};
	objectVersion = 56;
	objects = {

/* Begin PBXBuildFile section */
		571635702AD3B75500A825E3 /* AppDelegate.swift in Sources */ = {isa = PBXBuildFile; fileRef = 5716356F2AD3B75500A825E3 /* AppDelegate.swift */; };
		571635722AD3B75500A825E3 /* SceneDelegate.swift in Sources */ = {isa = PBXBuildFile; fileRef = 571635712AD3B75500A825E3 /* SceneDelegate.swift */; };
		571635742AD3B75500A825E3 /* ViewController.swift in Sources */ = {isa = PBXBuildFile; fileRef = 571635732AD3B75500A825E3 /* ViewController.swift */; };
		571635772AD3B75500A825E3 /* Main.storyboard in Resources */ = {isa = PBXBuildFile; fileRef = 571635752AD3B75500A825E3 /* Main.storyboard */; };
		571635792AD3B75800A825E3 /* Assets.xcassets in Resources */ = {isa = PBXBuildFile; fileRef = 571635782AD3B75800A825E3 /* Assets.xcassets */; };
		5716357C2AD3B75800A825E3 /* LaunchScreen.storyboard in Resources */ = {isa = PBXBuildFile; fileRef = 5716357A2AD3B75800A825E3 /* LaunchScreen.storyboard */; };
		571635872AD3B75800A825E3 /* RetirementCalculatorTests.swift in Sources */ = {isa = PBXBuildFile; fileRef = 571635862AD3B75800A825E3 /* RetirementCalculatorTests.swift */; };
		571635912AD3B75800A825E3 /* RetirementCalculatorUITests.swift in Sources */ = {isa = PBXBuildFile; fileRef = 571635902AD3B75800A825E3 /* RetirementCalculatorUITests.swift */; };
		571635932AD3B75800A825E3 /* RetirementCalculatorUITestsLaunchTests.swift in Sources */ = {isa = PBXBuildFile; fileRef = 571635922AD3B75800A825E3 /* RetirementCalculatorUITestsLaunchTests.swift */; };
/* End PBXBuildFile section */

/* Begin PBXContainerItemProxy section */
		571635832AD3B75800A825E3 /* PBXContainerItemProxy */ = {
			isa = PBXContainerItemProxy;
			containerPortal = 571635642AD3B75500A825E3 /* Project object */;
			proxyType = 1;
			remoteGlobalIDString = 5716356B2AD3B75500A825E3;
			remoteInfo = RetirementCalculator;
		};
		5716358D2AD3B75800A825E3 /* PBXContainerItemProxy */ = {
			isa = PBXContainerItemProxy;
			containerPortal = 571635642AD3B75500A825E3 /* Project object */;
			proxyType = 1;
			remoteGlobalIDString = 5716356B2AD3B75500A825E3;
			remoteInfo = RetirementCalculator;
		};
/* End PBXContainerItemProxy section */

/* Begin PBXFileReference section */
		5716356C2AD3B75500A825E3 /* RetirementCalculator.app */ = {isa = PBXFileReference; explicitFileType = wrapper.application; includeInIndex = 0; path = RetirementCalculator.app; sourceTree = BUILT_PRODUCTS_DIR; };
		5716356F2AD3B75500A825E3 /* AppDelegate.swift */ = {isa = PBXFileReference; lastKnownFileType = sourcecode.swift; path = AppDelegate.swift; sourceTree = "<group>"; };
		571635712AD3B75500A825E3 /* SceneDelegate.swift */ = {isa = PBXFileReference; lastKnownFileType = sourcecode.swift; path = SceneDelegate.swift; sourceTree = "<group>"; };
		571635732AD3B75500A825E3 /* ViewController.swift */ = {isa = PBXFileReference; lastKnownFileType = sourcecode.swift; path = ViewController.swift; sourceTree = "<group>"; };
		571635762AD3B75500A825E3 /* Base */ = {isa = PBXFileReference; lastKnownFileType = file.storyboard; name = Base; path = Base.lproj/Main.storyboard; sourceTree = "<group>"; };
		571635782AD3B75800A825E3 /* Assets.xcassets */ = {isa = PBXFileReference; lastKnownFileType = folder.assetcatalog; path = Assets.xcassets; sourceTree = "<group>"; };
		5716357B2AD3B75800A825E3 /* Base */ = {isa = PBXFileReference; lastKnownFileType = file.storyboard; name = Base; path = Base.lproj/LaunchScreen.storyboard; sourceTree = "<group>"; };
		5716357D2AD3B75800A825E3 /* Info.plist */ = {isa = PBXFileReference; lastKnownFileType = text.plist.xml; path = Info.plist; sourceTree = "<group>"; };
		571635822AD3B75800A825E3 /* RetirementCalculatorTests.xctest */ = {isa = PBXFileReference; explicitFileType = wrapper.cfbundle; includeInIndex = 0; path = RetirementCalculatorTests.xctest; sourceTree = BUILT_PRODUCTS_DIR; };
		571635862AD3B75800A825E3 /* RetirementCalculatorTests.swift */ = {isa = PBXFileReference; lastKnownFileType = sourcecode.swift; path = RetirementCalculatorTests.swift; sourceTree = "<group>"; };
		5716358C2AD3B75800A825E3 /* RetirementCalculatorUITests.xctest */ = {isa = PBXFileReference; explicitFileType = wrapper.cfbundle; includeInIndex = 0; path = RetirementCalculatorUITests.xctest; sourceTree = BUILT_PRODUCTS_DIR; };
		571635902AD3B75800A825E3 /* RetirementCalculatorUITests.swift */ = {isa = PBXFileReference; lastKnownFileType = sourcecode.swift; path = RetirementCalculatorUITests.swift; sourceTree = "<group>"; };
		571635922AD3B75800A825E3 /* RetirementCalculatorUITestsLaunchTests.swift */ = {isa = PBXFileReference; lastKnownFileType = sourcecode.swift; path = RetirementCalculatorUITestsLaunchTests.swift; sourceTree = "<group>"; };
/* End PBXFileReference section */

/* Begin PBXFrameworksBuildPhase section */
		571635692AD3B75500A825E3 /* Frameworks */ = {
			isa = PBXFrameworksBuildPhase;
			buildActionMask = 2147483647;
			files = (
			);
			runOnlyForDeploymentPostprocessing = 0;
		};
		5716357F2AD3B75800A825E3 /* Frameworks */ = {
			isa = PBXFrameworksBuildPhase;
			buildActionMask = 2147483647;
			files = (
			);
			runOnlyForDeploymentPostprocessing = 0;
		};
		571635892AD3B75800A825E3 /* Frameworks */ = {
			isa = PBXFrameworksBuildPhase;
			buildActionMask = 2147483647;
			files = (
			);
			runOnlyForDeploymentPostprocessing = 0;
		};
/* End PBXFrameworksBuildPhase section */

/* Begin PBXGroup section */
		571635632AD3B75500A825E3 = {
			isa = PBXGroup;
			children = (
				5716356E2AD3B75500A825E3 /* RetirementCalculator */,
				571635852AD3B75800A825E3 /* RetirementCalculatorTests */,
				5716358F2AD3B75800A825E3 /* RetirementCalculatorUITests */,
				5716356D2AD3B75500A825E3 /* Products */,
			);
			sourceTree = "<group>";
		};
		5716356D2AD3B75500A825E3 /* Products */ = {
			isa = PBXGroup;
			children = (
				5716356C2AD3B75500A825E3 /* RetirementCalculator.app */,
				571635822AD3B75800A825E3 /* RetirementCalculatorTests.xctest */,
				5716358C2AD3B75800A825E3 /* RetirementCalculatorUITests.xctest */,
			);
			name = Products;
			sourceTree = "<group>";
		};
		5716356E2AD3B75500A825E3 /* RetirementCalculator */ = {
			isa = PBXGroup;
			children = (
				5716356F2AD3B75500A825E3 /* AppDelegate.swift */,
				571635712AD3B75500A825E3 /* SceneDelegate.swift */,
				571635732AD3B75500A825E3 /* ViewController.swift */,
				571635752AD3B75500A825E3 /* Main.storyboard */,
				571635782AD3B75800A825E3 /* Assets.xcassets */,
				5716357A2AD3B75800A825E3 /* LaunchScreen.storyboard */,
				5716357D2AD3B75800A825E3 /* Info.plist */,
			);
			path = RetirementCalculator;
			sourceTree = "<group>";
		};
		571635852AD3B75800A825E3 /* RetirementCalculatorTests */ = {
			isa = PBXGroup;
			children = (
				571635862AD3B75800A825E3 /* RetirementCalculatorTests.swift */,
			);
			path = RetirementCalculatorTests;
			sourceTree = "<group>";
		};
		5716358F2AD3B75800A825E3 /* RetirementCalculatorUITests */ = {
			isa = PBXGroup;
			children = (
				571635902AD3B75800A825E3 /* RetirementCalculatorUITests.swift */,
				571635922AD3B75800A825E3 /* RetirementCalculatorUITestsLaunchTests.swift */,
			);
			path = RetirementCalculatorUITests;
			sourceTree = "<group>";
		};
/* End PBXGroup section */

/* Begin PBXNativeTarget section */
		5716356B2AD3B75500A825E3 /* RetirementCalculator */ = {
			isa = PBXNativeTarget;
			buildConfigurationList = 571635962AD3B75800A825E3 /* Build configuration list for PBXNativeTarget "RetirementCalculator" */;
			buildPhases = (
				571635682AD3B75500A825E3 /* Sources */,
				571635692AD3B75500A825E3 /* Frameworks */,
				5716356A2AD3B75500A825E3 /* Resources */,
			);
			buildRules = (
			);
			dependencies = (
			);
			name = RetirementCalculator;
			productName = RetirementCalculator;
			productReference = 5716356C2AD3B75500A825E3 /* RetirementCalculator.app */;
			productType = "com.apple.product-type.application";
		};
		571635812AD3B75800A825E3 /* RetirementCalculatorTests */ = {
			isa = PBXNativeTarget;
			buildConfigurationList = 571635992AD3B75800A825E3 /* Build configuration list for PBXNativeTarget "RetirementCalculatorTests" */;
			buildPhases = (
				5716357E2AD3B75800A825E3 /* Sources */,
				5716357F2AD3B75800A825E3 /* Frameworks */,
				571635802AD3B75800A825E3 /* Resources */,
			);
			buildRules = (
			);
			dependencies = (
				571635842AD3B75800A825E3 /* PBXTargetDependency */,
			);
			name = RetirementCalculatorTests;
			productName = RetirementCalculatorTests;
			productReference = 571635822AD3B75800A825E3 /* RetirementCalculatorTests.xctest */;
			productType = "com.apple.product-type.bundle.unit-test";
		};
		5716358B2AD3B75800A825E3 /* RetirementCalculatorUITests */ = {
			isa = PBXNativeTarget;
			buildConfigurationList = 5716359C2AD3B75800A825E3 /* Build configuration list for PBXNativeTarget "RetirementCalculatorUITests" */;
			buildPhases = (
				571635882AD3B75800A825E3 /* Sources */,
				571635892AD3B75800A825E3 /* Frameworks */,
				5716358A2AD3B75800A825E3 /* Resources */,
			);
			buildRules = (
			);
			dependencies = (
				5716358E2AD3B75800A825E3 /* PBXTargetDependency */,
			);
			name = RetirementCalculatorUITests;
			productName = RetirementCalculatorUITests;
			productReference = 5716358C2AD3B75800A825E3 /* RetirementCalculatorUITests.xctest */;
			productType = "com.apple.product-type.bundle.ui-testing";
		};
/* End PBXNativeTarget section */

/* Begin PBXProject section */
		571635642AD3B75500A825E3 /* Project object */ = {
			isa = PBXProject;
			attributes = {
				BuildIndependentTargetsInParallel = 1;
				LastSwiftUpdateCheck = 1430;
				LastUpgradeCheck = 1430;
				TargetAttributes = {
					5716356B2AD3B75500A825E3 = {
						CreatedOnToolsVersion = 14.3.1;
					};
					571635812AD3B75800A825E3 = {
						CreatedOnToolsVersion = 14.3.1;
						TestTargetID = 5716356B2AD3B75500A825E3;
					};
					5716358B2AD3B75800A825E3 = {
						CreatedOnToolsVersion = 14.3.1;
						TestTargetID = 5716356B2AD3B75500A825E3;
					};
				};
			};
			buildConfigurationList = 571635672AD3B75500A825E3 /* Build configuration list for PBXProject "RetirementCalculator" */;
			compatibilityVersion = "Xcode 14.0";
			developmentRegion = en;
			hasScannedForEncodings = 0;
			knownRegions = (
				en,
				Base,
			);
			mainGroup = 571635632AD3B75500A825E3;
			productRefGroup = 5716356D2AD3B75500A825E3 /* Products */;
			projectDirPath = "";
			projectRoot = "";
			targets = (
				5716356B2AD3B75500A825E3 /* RetirementCalculator */,
				571635812AD3B75800A825E3 /* RetirementCalculatorTests */,
				5716358B2AD3B75800A825E3 /* RetirementCalculatorUITests */,
			);
		};
/* End PBXProject section */

/* Begin PBXResourcesBuildPhase section */
		5716356A2AD3B75500A825E3 /* Resources */ = {
			isa = PBXResourcesBuildPhase;
			buildActionMask = 2147483647;
			files = (
				5716357C2AD3B75800A825E3 /* LaunchScreen.storyboard in Resources */,
				571635792AD3B75800A825E3 /* Assets.xcassets in Resources */,
				571635772AD3B75500A825E3 /* Main.storyboard in Resources */,
			);
			runOnlyForDeploymentPostprocessing = 0;
		};
		571635802AD3B75800A825E3 /* Resources */ = {
			isa = PBXResourcesBuildPhase;
			buildActionMask = 2147483647;
			files = (
			);
			runOnlyForDeploymentPostprocessing = 0;
		};
		5716358A2AD3B75800A825E3 /* Resources */ = {
			isa = PBXResourcesBuildPhase;
			buildActionMask = 2147483647;
			files = (
			);
			runOnlyForDeploymentPostprocessing = 0;
		};
/* End PBXResourcesBuildPhase section */

/* Begin PBXSourcesBuildPhase section */
		571635682AD3B75500A825E3 /* Sources */ = {
			isa = PBXSourcesBuildPhase;
			buildActionMask = 2147483647;
			files = (
				571635742AD3B75500A825E3 /* ViewController.swift in Sources */,
				571635702AD3B75500A825E3 /* AppDelegate.swift in Sources */,
				571635722AD3B75500A825E3 /* SceneDelegate.swift in Sources */,
			);
			runOnlyForDeploymentPostprocessing = 0;
		};
		5716357E2AD3B75800A825E3 /* Sources */ = {
			isa = PBXSourcesBuildPhase;
			buildActionMask = 2147483647;
			files = (
				571635872AD3B75800A825E3 /* RetirementCalculatorTests.swift in Sources */,
			);
			runOnlyForDeploymentPostprocessing = 0;
		};
		571635882AD3B75800A825E3 /* Sources */ = {
			isa = PBXSourcesBuildPhase;
			buildActionMask = 2147483647;
			files = (
				571635912AD3B75800A825E3 /* RetirementCalculatorUITests.swift in Sources */,
				571635932AD3B75800A825E3 /* RetirementCalculatorUITestsLaunchTests.swift in Sources */,
			);
			runOnlyForDeploymentPostprocessing = 0;
		};
/* End PBXSourcesBuildPhase section */

/* Begin PBXTargetDependency section */
		571635842AD3B75800A825E3 /* PBXTargetDependency */ = {
			isa = PBXTargetDependency;
			target = 5716356B2AD3B75500A825E3 /* RetirementCalculator */;
			targetProxy = 571635832AD3B75800A825E3 /* PBXContainerItemProxy */;
		};
		5716358E2AD3B75800A825E3 /* PBXTargetDependency */ = {
			isa = PBXTargetDependency;
			target = 5716356B2AD3B75500A825E3 /* RetirementCalculator */;
			targetProxy = 5716358D2AD3B75800A825E3 /* PBXContainerItemProxy */;
		};
/* End PBXTargetDependency section */

/* Begin PBXVariantGroup section */
		571635752AD3B75500A825E3 /* Main.storyboard */ = {
			isa = PBXVariantGroup;
			children = (
				571635762AD3B75500A825E3 /* Base */,
			);
			name = Main.storyboard;
			sourceTree = "<group>";
		};
		5716357A2AD3B75800A825E3 /* LaunchScreen.storyboard */ = {
			isa = PBXVariantGroup;
			children = (
				5716357B2AD3B75800A825E3 /* Base */,
			);
			name = LaunchScreen.storyboard;
			sourceTree = "<group>";
		};
/* End PBXVariantGroup section */

/* Begin XCBuildConfiguration section */
		571635942AD3B75800A825E3 /* Debug */ = {
			isa = XCBuildConfiguration;
			buildSettings = {
				ALWAYS_SEARCH_USER_PATHS = NO;
				CLANG_ANALYZER_NONNULL = YES;
				CLANG_ANALYZER_NUMBER_OBJECT_CONVERSION = YES_AGGRESSIVE;
				CLANG_CXX_LANGUAGE_STANDARD = "gnu++20";
				CLANG_ENABLE_MODULES = YES;
				CLANG_ENABLE_OBJC_ARC = YES;
				CLANG_ENABLE_OBJC_WEAK = YES;
				CLANG_WARN_BLOCK_CAPTURE_AUTORELEASING = YES;
				CLANG_WARN_BOOL_CONVERSION = YES;
				CLANG_WARN_COMMA = YES;
				CLANG_WARN_CONSTANT_CONVERSION = YES;
				CLANG_WARN_DEPRECATED_OBJC_IMPLEMENTATIONS = YES;
				CLANG_WARN_DIRECT_OBJC_ISA_USAGE = YES_ERROR;
				CLANG_WARN_DOCUMENTATION_COMMENTS = YES;
				CLANG_WARN_EMPTY_BODY = YES;
				CLANG_WARN_ENUM_CONVERSION = YES;
				CLANG_WARN_INFINITE_RECURSION = YES;
				CLANG_WARN_INT_CONVERSION = YES;
				CLANG_WARN_NON_LITERAL_NULL_CONVERSION = YES;
				CLANG_WARN_OBJC_IMPLICIT_RETAIN_SELF = YES;
				CLANG_WARN_OBJC_LITERAL_CONVERSION = YES;
				CLANG_WARN_OBJC_ROOT_CLASS = YES_ERROR;
				CLANG_WARN_QUOTED_INCLUDE_IN_FRAMEWORK_HEADER = YES;
				CLANG_WARN_RANGE_LOOP_ANALYSIS = YES;
				CLANG_WARN_STRICT_PROTOTYPES = YES;
				CLANG_WARN_SUSPICIOUS_MOVE = YES;
				CLANG_WARN_UNGUARDED_AVAILABILITY = YES_AGGRESSIVE;
				CLANG_WARN_UNREACHABLE_CODE = YES;
				CLANG_WARN__DUPLICATE_METHOD_MATCH = YES;
				COPY_PHASE_STRIP = NO;
				DEBUG_INFORMATION_FORMAT = dwarf;
				ENABLE_STRICT_OBJC_MSGSEND = YES;
				ENABLE_TESTABILITY = YES;
				GCC_C_LANGUAGE_STANDARD = gnu11;
				GCC_DYNAMIC_NO_PIC = NO;
				GCC_NO_COMMON_BLOCKS = YES;
				GCC_OPTIMIZATION_LEVEL = 0;
				GCC_PREPROCESSOR_DEFINITIONS = (
					"DEBUG=1",
					"$(inherited)",
				);
				GCC_WARN_64_TO_32_BIT_CONVERSION = YES;
				GCC_WARN_ABOUT_RETURN_TYPE = YES_ERROR;
				GCC_WARN_UNDECLARED_SELECTOR = YES;
				GCC_WARN_UNINITIALIZED_AUTOS = YES_AGGRESSIVE;
				GCC_WARN_UNUSED_FUNCTION = YES;
				GCC_WARN_UNUSED_VARIABLE = YES;
				IPHONEOS_DEPLOYMENT_TARGET = 16.4;
				MTL_ENABLE_DEBUG_INFO = INCLUDE_SOURCE;
				MTL_FAST_MATH = YES;
				ONLY_ACTIVE_ARCH = YES;
				SDKROOT = iphoneos;
				SWIFT_ACTIVE_COMPILATION_CONDITIONS = DEBUG;
				SWIFT_OPTIMIZATION_LEVEL = "-Onone";
			};
			name = Debug;
		};
		571635952AD3B75800A825E3 /* Release */ = {
			isa = XCBuildConfiguration;
			buildSettings = {
				ALWAYS_SEARCH_USER_PATHS = NO;
				CLANG_ANALYZER_NONNULL = YES;
				CLANG_ANALYZER_NUMBER_OBJECT_CONVERSION = YES_AGGRESSIVE;
				CLANG_CXX_LANGUAGE_STANDARD = "gnu++20";
				CLANG_ENABLE_MODULES = YES;
				CLANG_ENABLE_OBJC_ARC = YES;
				CLANG_ENABLE_OBJC_WEAK = YES;
				CLANG_WARN_BLOCK_CAPTURE_AUTORELEASING = YES;
				CLANG_WARN_BOOL_CONVERSION = YES;
				CLANG_WARN_COMMA = YES;
				CLANG_WARN_CONSTANT_CONVERSION = YES;
				CLANG_WARN_DEPRECATED_OBJC_IMPLEMENTATIONS = YES;
				CLANG_WARN_DIRECT_OBJC_ISA_USAGE = YES_ERROR;
				CLANG_WARN_DOCUMENTATION_COMMENTS = YES;
				CLANG_WARN_EMPTY_BODY = YES;
				CLANG_WARN_ENUM_CONVERSION = YES;
				CLANG_WARN_INFINITE_RECURSION = YES;
				CLANG_WARN_INT_CONVERSION = YES;
				CLANG_WARN_NON_LITERAL_NULL_CONVERSION = YES;
				CLANG_WARN_OBJC_IMPLICIT_RETAIN_SELF = YES;
				CLANG_WARN_OBJC_LITERAL_CONVERSION = YES;
				CLANG_WARN_OBJC_ROOT_CLASS = YES_ERROR;
				CLANG_WARN_QUOTED_INCLUDE_IN_FRAMEWORK_HEADER = YES;
				CLANG_WARN_RANGE_LOOP_ANALYSIS = YES;
				CLANG_WARN_STRICT_PROTOTYPES = YES;
				CLANG_WARN_SUSPICIOUS_MOVE = YES;
				CLANG_WARN_UNGUARDED_AVAILABILITY = YES_AGGRESSIVE;
				CLANG_WARN_UNREACHABLE_CODE = YES;
				CLANG_WARN__DUPLICATE_METHOD_MATCH = YES;
				COPY_PHASE_STRIP = NO;
				DEBUG_INFORMATION_FORMAT = "dwarf-with-dsym";
				ENABLE_NS_ASSERTIONS = NO;
				ENABLE_STRICT_OBJC_MSGSEND = YES;
				GCC_C_LANGUAGE_STANDARD = gnu11;
				GCC_NO_COMMON_BLOCKS = YES;
				GCC_WARN_64_TO_32_BIT_CONVERSION = YES;
				GCC_WARN_ABOUT_RETURN_TYPE = YES_ERROR;
				GCC_WARN_UNDECLARED_SELECTOR = YES;
				GCC_WARN_UNINITIALIZED_AUTOS = YES_AGGRESSIVE;
				GCC_WARN_UNUSED_FUNCTION = YES;
				GCC_WARN_UNUSED_VARIABLE = YES;
				IPHONEOS_DEPLOYMENT_TARGET = 16.4;
				MTL_ENABLE_DEBUG_INFO = NO;
				MTL_FAST_MATH = YES;
				SDKROOT = iphoneos;
				SWIFT_COMPILATION_MODE = wholemodule;
				SWIFT_OPTIMIZATION_LEVEL = "-O";
				VALIDATE_PRODUCT = YES;
			};
			name = Release;
		};
		571635972AD3B75800A825E3 /* Debug */ = {
			isa = XCBuildConfiguration;
			buildSettings = {
				ASSETCATALOG_COMPILER_APPICON_NAME = AppIcon;
				ASSETCATALOG_COMPILER_GLOBAL_ACCENT_COLOR_NAME = AccentColor;
				CODE_SIGN_STYLE = Automatic;
				CURRENT_PROJECT_VERSION = 1;
				DEVELOPMENT_TEAM = 8MYP67433J;
				GENERATE_INFOPLIST_FILE = YES;
				INFOPLIST_FILE = RetirementCalculator/Info.plist;
				INFOPLIST_KEY_UIApplicationSupportsIndirectInputEvents = YES;
				INFOPLIST_KEY_UILaunchStoryboardName = LaunchScreen;
				INFOPLIST_KEY_UIMainStoryboardFile = Main;
				INFOPLIST_KEY_UISupportedInterfaceOrientations_iPad = "UIInterfaceOrientationPortrait UIInterfaceOrientationPortraitUpsideDown UIInterfaceOrientationLandscapeLeft UIInterfaceOrientationLandscapeRight";
				INFOPLIST_KEY_UISupportedInterfaceOrientations_iPhone = "UIInterfaceOrientationPortrait UIInterfaceOrientationLandscapeLeft UIInterfaceOrientationLandscapeRight";
				LD_RUNPATH_SEARCH_PATHS = (
					"$(inherited)",
					"@executable_path/Frameworks",
				);
				MARKETING_VERSION = 1.0;
				PRODUCT_BUNDLE_IDENTIFIER = maulanaahmadjobs.com.RetirementCalculator;
				PRODUCT_NAME = "$(TARGET_NAME)";
				SWIFT_EMIT_LOC_STRINGS = YES;
				SWIFT_VERSION = 5.0;
				TARGETED_DEVICE_FAMILY = "1,2";
			};
			name = Debug;
		};
		571635982AD3B75800A825E3 /* Release */ = {
			isa = XCBuildConfiguration;
			buildSettings = {
				ASSETCATALOG_COMPILER_APPICON_NAME = AppIcon;
				ASSETCATALOG_COMPILER_GLOBAL_ACCENT_COLOR_NAME = AccentColor;
				CODE_SIGN_STYLE = Automatic;
				CURRENT_PROJECT_VERSION = 1;
				DEVELOPMENT_TEAM = 8MYP67433J;
				GENERATE_INFOPLIST_FILE = YES;
				INFOPLIST_FILE = RetirementCalculator/Info.plist;
				INFOPLIST_KEY_UIApplicationSupportsIndirectInputEvents = YES;
				INFOPLIST_KEY_UILaunchStoryboardName = LaunchScreen;
				INFOPLIST_KEY_UIMainStoryboardFile = Main;
				INFOPLIST_KEY_UISupportedInterfaceOrientations_iPad = "UIInterfaceOrientationPortrait UIInterfaceOrientationPortraitUpsideDown UIInterfaceOrientationLandscapeLeft UIInterfaceOrientationLandscapeRight";
				INFOPLIST_KEY_UISupportedInterfaceOrientations_iPhone = "UIInterfaceOrientationPortrait UIInterfaceOrientationLandscapeLeft UIInterfaceOrientationLandscapeRight";
				LD_RUNPATH_SEARCH_PATHS = (
					"$(inherited)",
					"@executable_path/Frameworks",
				);
				MARKETING_VERSION = 1.0;
				PRODUCT_BUNDLE_IDENTIFIER = maulanaahmadjobs.com.RetirementCalculator;
				PRODUCT_NAME = "$(TARGET_NAME)";
				SWIFT_EMIT_LOC_STRINGS = YES;
				SWIFT_VERSION = 5.0;
				TARGETED_DEVICE_FAMILY = "1,2";
			};
			name = Release;
		};
		5716359A2AD3B75800A825E3 /* Debug */ = {
			isa = XCBuildConfiguration;
			buildSettings = {
				ALWAYS_EMBED_SWIFT_STANDARD_LIBRARIES = YES;
				BUNDLE_LOADER = "$(TEST_HOST)";
				CODE_SIGN_STYLE = Automatic;
				CURRENT_PROJECT_VERSION = 1;
				DEVELOPMENT_TEAM = 8MYP67433J;
				GENERATE_INFOPLIST_FILE = YES;
				IPHONEOS_DEPLOYMENT_TARGET = 16.4;
				MARKETING_VERSION = 1.0;
				PRODUCT_BUNDLE_IDENTIFIER = maulanaahmadjobs.com.RetirementCalculatorTests;
				PRODUCT_NAME = "$(TARGET_NAME)";
				SWIFT_EMIT_LOC_STRINGS = NO;
				SWIFT_VERSION = 5.0;
				TARGETED_DEVICE_FAMILY = "1,2";
				TEST_HOST = "$(BUILT_PRODUCTS_DIR)/RetirementCalculator.app/$(BUNDLE_EXECUTABLE_FOLDER_PATH)/RetirementCalculator";
			};
			name = Debug;
		};
		5716359B2AD3B75800A825E3 /* Release */ = {
			isa = XCBuildConfiguration;
			buildSettings = {
				ALWAYS_EMBED_SWIFT_STANDARD_LIBRARIES = YES;
				BUNDLE_LOADER = "$(TEST_HOST)";
				CODE_SIGN_STYLE = Automatic;
				CURRENT_PROJECT_VERSION = 1;
				DEVELOPMENT_TEAM = 8MYP67433J;
				GENERATE_INFOPLIST_FILE = YES;
				IPHONEOS_DEPLOYMENT_TARGET = 16.4;
				MARKETING_VERSION = 1.0;
				PRODUCT_BUNDLE_IDENTIFIER = maulanaahmadjobs.com.RetirementCalculatorTests;
				PRODUCT_NAME = "$(TARGET_NAME)";
				SWIFT_EMIT_LOC_STRINGS = NO;
				SWIFT_VERSION = 5.0;
				TARGETED_DEVICE_FAMILY = "1,2";
				TEST_HOST = "$(BUILT_PRODUCTS_DIR)/RetirementCalculator.app/$(BUNDLE_EXECUTABLE_FOLDER_PATH)/RetirementCalculator";
			};
			name = Release;
		};
		5716359D2AD3B75800A825E3 /* Debug */ = {
			isa = XCBuildConfiguration;
			buildSettings = {
				ALWAYS_EMBED_SWIFT_STANDARD_LIBRARIES = YES;
				CODE_SIGN_STYLE = Automatic;
				CURRENT_PROJECT_VERSION = 1;
				DEVELOPMENT_TEAM = 8MYP67433J;
				GENERATE_INFOPLIST_FILE = YES;
				MARKETING_VERSION = 1.0;
				PRODUCT_BUNDLE_IDENTIFIER = maulanaahmadjobs.com.RetirementCalculatorUITests;
				PRODUCT_NAME = "$(TARGET_NAME)";
				SWIFT_EMIT_LOC_STRINGS = NO;
				SWIFT_VERSION = 5.0;
				TARGETED_DEVICE_FAMILY = "1,2";
				TEST_TARGET_NAME = RetirementCalculator;
			};
			name = Debug;
		};
		5716359E2AD3B75800A825E3 /* Release */ = {
			isa = XCBuildConfiguration;
			buildSettings = {
				ALWAYS_EMBED_SWIFT_STANDARD_LIBRARIES = YES;
				CODE_SIGN_STYLE = Automatic;
				CURRENT_PROJECT_VERSION = 1;
				DEVELOPMENT_TEAM = 8MYP67433J;
				GENERATE_INFOPLIST_FILE = YES;
				MARKETING_VERSION = 1.0;
				PRODUCT_BUNDLE_IDENTIFIER = maulanaahmadjobs.com.RetirementCalculatorUITests;
				PRODUCT_NAME = "$(TARGET_NAME)";
				SWIFT_EMIT_LOC_STRINGS = NO;
				SWIFT_VERSION = 5.0;
				TARGETED_DEVICE_FAMILY = "1,2";
				TEST_TARGET_NAME = RetirementCalculator;
			};
			name = Release;
		};
/* End XCBuildConfiguration section */

/* Begin XCConfigurationList section */
		571635672AD3B75500A825E3 /* Build configuration list for PBXProject "RetirementCalculator" */ = {
			isa = XCConfigurationList;
			buildConfigurations = (
				571635942AD3B75800A825E3 /* Debug */,
				571635952AD3B75800A825E3 /* Release */,
			);
			defaultConfigurationIsVisible = 0;
			defaultConfigurationName = Release;
		};
		571635962AD3B75800A825E3 /* Build configuration list for PBXNativeTarget "RetirementCalculator" */ = {
			isa = XCConfigurationList;
			buildConfigurations = (
				571635972AD3B75800A825E3 /* Debug */,
				571635982AD3B75800A825E3 /* Release */,
			);
			defaultConfigurationIsVisible = 0;
			defaultConfigurationName = Release;
		};
		571635992AD3B75800A825E3 /* Build configuration list for PBXNativeTarget "RetirementCalculatorTests" */ = {
			isa = XCConfigurationList;
			buildConfigurations = (
				5716359A2AD3B75800A825E3 /* Debug */,
				5716359B2AD3B75800A825E3 /* Release */,
			);
			defaultConfigurationIsVisible = 0;
			defaultConfigurationName = Release;
		};
		5716359C2AD3B75800A825E3 /* Build configuration list for PBXNativeTarget "RetirementCalculatorUITests" */ = {
			isa = XCConfigurationList;
			buildConfigurations = (
				5716359D2AD3B75800A825E3 /* Debug */,
				5716359E2AD3B75800A825E3 /* Release */,
			);
			defaultConfigurationIsVisible = 0;
			defaultConfigurationName = Release;
		};
/* End XCConfigurationList section */
	};
	rootObject = 571635642AD3B75500A825E3 /* Project object */;
}
